lockfileVersion: '9.0'

settings:
  autoInstallPeers: true
  excludeLinksFromLockfile: false

importers:

  .:
    dependencies:
      '@eslint/js':
        specifier: ^9.10.0
        version: 9.11.0
      globals:
        specifier: ^15.9.0
        version: 15.9.0

packages:

  '@eslint/js@9.11.0':
    resolution: {integrity: sha512-LPkkenkDqyzTFauZLLAPhIb48fj6drrfMvRGSL9tS3AcZBSVTllemLSNyCvHNNL2t797S/6DJNSIwRwXgMO/eQ==}
    engines: {node: ^18.18.0 || ^20.9.0 || >=21.1.0}

  globals@15.9.0:
    resolution: {integrity: sha512-SmSKyLLKFbSr6rptvP8izbyxJL4ILwqO9Jg23UA0sDlGlu58V59D1//I3vlc0KJphVdUR7vMjHIplYnzBxorQA==}
    engines: {node: '>=18'}

snapshots:

  '@eslint/js@9.11.0': {}

  globals@15.9.0: {}
