lockfileVersion: '9.0'

settings:
  autoInstallPeers: true
  excludeLinksFromLockfile: false

importers:

  .:
    dependencies:
      '@eslint/js':
        specifier: ^9.31.0
        version: 9.31.0
      globals:
        specifier: ^16.3.0
        version: 16.3.0

packages:

  '@eslint/js@9.31.0':
    resolution: {integrity: sha512-LOm5OVt7D4qiKCqoiPbA7LWmI+tbw1VbTUowBcUMgQSuM6poJufkFkYDcQpo5KfgD39TnNySV26QjOh7VFpSyw==}
    engines: {node: ^18.18.0 || ^20.9.0 || >=21.1.0}

  globals@16.3.0:
    resolution: {integrity: sha512-bqWEnJ1Nt3neqx2q5SFfGS8r/ahumIakg3HcwtNlrVlwXIeNumWn/c7Pn/wKzGhf6SaW6H6uWXLqC30STCMchQ==}
    engines: {node: '>=18'}

snapshots:

  '@eslint/js@9.31.0': {}

  globals@16.3.0: {}
